
Microsoft Visual Studio Solution File, Format Version 12.00
# Visual Studio Version 16
VisualStudioVersion = 16.0.29209.62
MinimumVisualStudioVersion = 10.0.40219.1
Project("{FAE04EC0-301F-11D3-BF4B-00C04F79EFBC}") = "SoftLock", "SoftLock\SoftLock.csproj", "{7B7BB44B-623C-4BFE-99C8-A4412C90A09D}"
EndProject
Project("{FAE04EC0-301F-11D3-BF4B-00C04F79EFBC}") = "SoftLock.Tests", "SoftLock.Tests\SoftLock.Tests.csproj", "{0751ED4B-74CE-400E-9616-66C77C13131A}"
EndProject
Global
	GlobalSection(SolutionConfigurationPlatforms) = preSolution
		Debug|Any CPU = Debug|Any CPU
		Release|Any CPU = Release|Any CPU
	EndGlobalSection
	GlobalSection(ProjectConfigurationPlatforms) = postSolution
		{7B7BB44B-623C-4BFE-99C8-A4412C90A09D}.Debug|Any CPU.ActiveCfg = Debug|Any CPU
		{7B7BB44B-623C-4BFE-99C8-A4412C90A09D}.Debug|Any CPU.Build.0 = Debug|Any CPU
		{7B7BB44B-623C-4BFE-99C8-A4412C90A09D}.Release|Any CPU.ActiveCfg = Release|Any CPU
		{7B7BB44B-623C-4BFE-99C8-A4412C90A09D}.Release|Any CPU.Build.0 = Release|Any CPU
		{0751ED4B-74CE-400E-9616-66C77C13131A}.Debug|Any CPU.ActiveCfg = Debug|Any CPU
		{0751ED4B-74CE-400E-9616-66C77C13131A}.Debug|Any CPU.Build.0 = Debug|Any CPU
		{0751ED4B-74CE-400E-9616-66C77C13131A}.Release|Any CPU.ActiveCfg = Release|Any CPU
		{0751ED4B-74CE-400E-9616-66C77C13131A}.Release|Any CPU.Build.0 = Release|Any CPU
	EndGlobalSection
	GlobalSection(SolutionProperties) = preSolution
		HideSolutionNode = FALSE
	EndGlobalSection
	GlobalSection(ExtensibilityGlobals) = postSolution
		SolutionGuid = {771317EE-D82B-4A1E-BAF4-B54B21446B03}
	EndGlobalSection
EndGlobal
